
Microsoft Visual Studio Solution File, Format Version 12.00
Project("{FAE04EC0-301F-11D3-BF4B-00C04F79EFBC}") = "TestDataBuilderTest", "TestDataBuilderTest\TestDataBuilderTest.csproj", "{1BE2F552-B667-4DD7-B15E-AAE82101C583}"
EndProject
Project("{FAE04EC0-301F-11D3-BF4B-00C04F79EFBC}") = "TestDataBuilder", "TestDataBuilder\TestDataBuilder.csproj", "{21ED0977-7216-487B-9890-59C7CB1A6C16}"
EndProject
Global
	GlobalSection(SolutionConfigurationPlatforms) = preSolution
		Debug|Any CPU = Debug|Any CPU
		Release|Any CPU = Release|Any CPU
	EndGlobalSection
	GlobalSection(ProjectConfigurationPlatforms) = postSolution
		{1BE2F552-B667-4DD7-B15E-AAE82101C583}.Debug|Any CPU.ActiveCfg = Debug|Any CPU
		{1BE2F552-B667-4DD7-B15E-AAE82101C583}.Debug|Any CPU.Build.0 = Debug|Any CPU
		{1BE2F552-B667-4DD7-B15E-AAE82101C583}.Release|Any CPU.ActiveCfg = Release|Any CPU
		{1BE2F552-B667-4DD7-B15E-AAE82101C583}.Release|Any CPU.Build.0 = Release|Any CPU
		{21ED0977-7216-487B-9890-59C7CB1A6C16}.Debug|Any CPU.ActiveCfg = Debug|Any CPU
		{21ED0977-7216-487B-9890-59C7CB1A6C16}.Debug|Any CPU.Build.0 = Debug|Any CPU
		{21ED0977-7216-487B-9890-59C7CB1A6C16}.Release|Any CPU.ActiveCfg = Release|Any CPU
		{21ED0977-7216-487B-9890-59C7CB1A6C16}.Release|Any CPU.Build.0 = Release|Any CPU
	EndGlobalSection
EndGlobal
